
Microsoft Visual Studio Solution File, Format Version 12.00
# Visual Studio Version 17
VisualStudioVersion = 17.14.36915.13 d17.14
MinimumVisualStudioVersion = 10.0.40219.1
Project("{FAE04EC0-301F-11D3-BF4B-00C04F79EFBC}") = "TextFileControl", "TextFileControl\TextFileControl.csproj", "{6C15F22B-08E4-41B7-A999-2A8C42A5776E}"
EndProject
Global
	GlobalSection(SolutionConfigurationPlatforms) = preSolution
		Debug|Any CPU = Debug|Any CPU
		Release|Any CPU = Release|Any CPU
	EndGlobalSection
	GlobalSection(ProjectConfigurationPlatforms) = postSolution
		{6C15F22B-08E4-41B7-A999-2A8C42A5776E}.Debug|Any CPU.ActiveCfg = Debug|Any CPU
		{6C15F22B-08E4-41B7-A999-2A8C42A5776E}.Debug|Any CPU.Build.0 = Debug|Any CPU
		{6C15F22B-08E4-41B7-A999-2A8C42A5776E}.Release|Any CPU.ActiveCfg = Release|Any CPU
		{6C15F22B-08E4-41B7-A999-2A8C42A5776E}.Release|Any CPU.Build.0 = Release|Any CPU
	EndGlobalSection
	GlobalSection(SolutionProperties) = preSolution
		HideSolutionNode = FALSE
	EndGlobalSection
	GlobalSection(ExtensibilityGlobals) = postSolution
		SolutionGuid = {D4169E84-263F-4ADF-8A87-8CDF6B0472C9}
	EndGlobalSection
EndGlobal
